
Microsoft Visual Studio Solution File, Format Version 12.00
# Visual Studio Version 16
VisualStudioVersion = 16.0.32510.428
MinimumVisualStudioVersion = 10.0.40219.1
Project("{FAE04EC0-301F-11D3-BF4B-00C04F79EFBC}") = "final410818069", "final410818069\final410818069.csproj", "{6576797F-37D1-4164-BD9A-0DF5CC99C8FF}"
EndProject
Global
	GlobalSection(SolutionConfigurationPlatforms) = preSolution
		Debug|Any CPU = Debug|Any CPU
		Release|Any CPU = Release|Any CPU
	EndGlobalSection
	GlobalSection(ProjectConfigurationPlatforms) = postSolution
		{6576797F-37D1-4164-BD9A-0DF5CC99C8FF}.Debug|Any CPU.ActiveCfg = Debug|Any CPU
		{6576797F-37D1-4164-BD9A-0DF5CC99C8FF}.Debug|Any CPU.Build.0 = Debug|Any CPU
		{6576797F-37D1-4164-BD9A-0DF5CC99C8FF}.Release|Any CPU.ActiveCfg = Release|Any CPU
		{6576797F-37D1-4164-BD9A-0DF5CC99C8FF}.Release|Any CPU.Build.0 = Release|Any CPU
	EndGlobalSection
	GlobalSection(SolutionProperties) = preSolution
		HideSolutionNode = FALSE
	EndGlobalSection
	GlobalSection(ExtensibilityGlobals) = postSolution
		SolutionGuid = {C830C892-9859-4106-A5A7-85D833A7F276}
	EndGlobalSection
EndGlobal
